
Microsoft Visual Studio Solution File, Format Version 12.00
# Visual Studio Version 16
VisualStudioVersion = 16.0.30104.148
MinimumVisualStudioVersion = 10.0.40219.1
Project("{FAE04EC0-301F-11D3-BF4B-00C04F79EFBC}") = "JaFaFa.Android", "JaFaFa\JaFaFa.Android\JaFaFa.Android.csproj", "{C2BAA358-1E85-4F0C-AB5E-9876D72C70A5}"
EndProject
Project("{FAE04EC0-301F-11D3-BF4B-00C04F79EFBC}") = "JaFaFa.iOS", "JaFaFa\JaFaFa.iOS\JaFaFa.iOS.csproj", "{236DA3B0-0557-4A16-BE8F-FAB9BF037B28}"
EndProject
Project("{9A19103F-16F7-4668-BE54-9A1E7A4F7556}") = "JaFaFa.Web", "JaFaFa\JaFaFa.Web\JaFaFa.Web.csproj", "{F677EC59-3093-402B-B06F-396752C6DE7D}"
EndProject
Project("{9A19103F-16F7-4668-BE54-9A1E7A4F7556}") = "JaFaFa", "JaFaFa\JaFaFa\JaFaFa.csproj", "{4038FC7D-317B-46BD-925A-2DB018EEAA2A}"
EndProject
Project("{FAE04EC0-301F-11D3-BF4B-00C04F79EFBC}") = "JaFaFa.Android.HEREMaps", "JaFaFa.Android.HEREMaps\JaFaFa.Android.HEREMaps.csproj", "{BB27F89A-CA86-48B6-9C88-3EA8A3E2B27A}"
EndProject
Global
	GlobalSection(SolutionConfigurationPlatforms) = preSolution
		Debug|Any CPU = Debug|Any CPU
		Debug|ARM = Debug|ARM
		Debug|iPhone = Debug|iPhone
		Debug|iPhoneSimulator = Debug|iPhoneSimulator
		Debug|x64 = Debug|x64
		Debug|x86 = Debug|x86
		Release|Any CPU = Release|Any CPU
		Release|ARM = Release|ARM
		Release|iPhone = Release|iPhone
		Release|iPhoneSimulator = Release|iPhoneSimulator
		Release|x64 = Release|x64
		Release|x86 = Release|x86
	EndGlobalSection
	GlobalSection(ProjectConfigurationPlatforms) = postSolution
		{C2BAA358-1E85-4F0C-AB5E-9876D72C70A5}.Debug|Any CPU.ActiveCfg = Debug|Any CPU
		{C2BAA358-1E85-4F0C-AB5E-9876D72C70A5}.Debug|Any CPU.Build.0 = Debug|Any CPU
		{C2BAA358-1E85-4F0C-AB5E-9876D72C70A5}.Debug|Any CPU.Deploy.0 = Debug|Any CPU
		{C2BAA358-1E85-4F0C-AB5E-9876D72C70A5}.Debug|ARM.ActiveCfg = Debug|Any CPU
		{C2BAA358-1E85-4F0C-AB5E-9876D72C70A5}.Debug|ARM.Build.0 = Debug|Any CPU
		{C2BAA358-1E85-4F0C-AB5E-9876D72C70A5}.Debug|ARM.Deploy.0 = Debug|Any CPU
		{C2BAA358-1E85-4F0C-AB5E-9876D72C70A5}.Debug|iPhone.ActiveCfg = Debug|Any CPU
		{C2BAA358-1E85-4F0C-AB5E-9876D72C70A5}.Debug|iPhone.Build.0 = Debug|Any CPU
		{C2BAA358-1E85-4F0C-AB5E-9876D72C70A5}.Debug|iPhone.Deploy.0 = Debug|Any CPU
		{C2BAA358-1E85-4F0C-AB5E-9876D72C70A5}.Debug|iPhoneSimulator.ActiveCfg = Debug|Any CPU
		{C2BAA358-1E85-4F0C-AB5E-9876D72C70A5}.Debug|iPhoneSimulator.Build.0 = Debug|Any CPU
		{C2BAA358-1E85-4F0C-AB5E-9876D72C70A5}.Debug|iPhoneSimulator.Deploy.0 = Debug|Any CPU
		{C2BAA358-1E85-4F0C-AB5E-9876D72C70A5}.Debug|x64.ActiveCfg = Debug|Any CPU
		{C2BAA358-1E85-4F0C-AB5E-9876D72C70A5}.Debug|x64.Build.0 = Debug|Any CPU
		{C2BAA358-1E85-4F0C-AB5E-9876D72C70A5}.Debug|x64.Deploy.0 = Debug|Any CPU
		{C2BAA358-1E85-4F0C-AB5E-9876D72C70A5}.Debug|x86.ActiveCfg = Debug|Any CPU
		{C2BAA358-1E85-4F0C-AB5E-9876D72C70A5}.Debug|x86.Build.0 = Debug|Any CPU
		{C2BAA358-1E85-4F0C-AB5E-9876D72C70A5}.Debug|x86.Deploy.0 = Debug|Any CPU
		{C2BAA358-1E85-4F0C-AB5E-9876D72C70A5}.Release|Any CPU.ActiveCfg = Release|Any CPU
		{C2BAA358-1E85-4F0C-AB5E-9876D72C70A5}.Release|Any CPU.Build.0 = Release|Any CPU
		{C2BAA358-1E85-4F0C-AB5E-9876D72C70A5}.Release|Any CPU.Deploy.0 = Release|Any CPU
		{C2BAA358-1E85-4F0C-AB5E-9876D72C70A5}.Release|ARM.ActiveCfg = Release|Any CPU
		{C2BAA358-1E85-4F0C-AB5E-9876D72C70A5}.Release|ARM.Build.0 = Release|Any CPU
		{C2BAA358-1E85-4F0C-AB5E-9876D72C70A5}.Release|ARM.Deploy.0 = Release|Any CPU
		{C2BAA358-1E85-4F0C-AB5E-9876D72C70A5}.Release|iPhone.ActiveCfg = Release|Any CPU
		{C2BAA358-1E85-4F0C-AB5E-9876D72C70A5}.Release|iPhone.Build.0 = Release|Any CPU
		{C2BAA358-1E85-4F0C-AB5E-9876D72C70A5}.Release|iPhone.Deploy.0 = Release|Any CPU
		{C2BAA358-1E85-4F0C-AB5E-9876D72C70A5}.Release|iPhoneSimulator.ActiveCfg = Release|Any CPU
		{C2BAA358-1E85-4F0C-AB5E-9876D72C70A5}.Release|iPhoneSimulator.Build.0 = Release|Any CPU
		{C2BAA358-1E85-4F0C-AB5E-9876D72C70A5}.Release|iPhoneSimulator.Deploy.0 = Release|Any CPU
		{C2BAA358-1E85-4F0C-AB5E-9876D72C70A5}.Release|x64.ActiveCfg = Release|Any CPU
		{C2BAA358-1E85-4F0C-AB5E-9876D72C70A5}.Release|x64.Build.0 = Release|Any CPU
		{C2BAA358-1E85-4F0C-AB5E-9876D72C70A5}.Release|x64.Deploy.0 = Release|Any CPU
		{C2BAA358-1E85-4F0C-AB5E-9876D72C70A5}.Release|x86.ActiveCfg = Release|Any CPU
		{C2BAA358-1E85-4F0C-AB5E-9876D72C70A5}.Release|x86.Build.0 = Release|Any CPU
		{C2BAA358-1E85-4F0C-AB5E-9876D72C70A5}.Release|x86.Deploy.0 = Release|Any CPU
		{236DA3B0-0557-4A16-BE8F-FAB9BF037B28}.Debug|Any CPU.ActiveCfg = Debug|iPhone
		{236DA3B0-0557-4A16-BE8F-FAB9BF037B28}.Debug|Any CPU.Build.0 = Debug|iPhone
		{236DA3B0-0557-4A16-BE8F-FAB9BF037B28}.Debug|Any CPU.Deploy.0 = Debug|iPhone
		{236DA3B0-0557-4A16-BE8F-FAB9BF037B28}.Debug|ARM.ActiveCfg = Debug|iPhone
		{236DA3B0-0557-4A16-BE8F-FAB9BF037B28}.Debug|ARM.Build.0 = Debug|iPhone
		{236DA3B0-0557-4A16-BE8F-FAB9BF037B28}.Debug|ARM.Deploy.0 = Debug|iPhone
		{236DA3B0-0557-4A16-BE8F-FAB9BF037B28}.Debug|iPhone.ActiveCfg = Debug|iPhone
		{236DA3B0-0557-4A16-BE8F-FAB9BF037B28}.Debug|iPhone.Build.0 = Debug|iPhone
		{236DA3B0-0557-4A16-BE8F-FAB9BF037B28}.Debug|iPhone.Deploy.0 = Debug|iPhone
		{236DA3B0-0557-4A16-BE8F-FAB9BF037B28}.Debug|iPhoneSimulator.ActiveCfg = Debug|iPhoneSimulator
		{236DA3B0-0557-4A16-BE8F-FAB9BF037B28}.Debug|iPhoneSimulator.Build.0 = Debug|iPhoneSimulator
		{236DA3B0-0557-4A16-BE8F-FAB9BF037B28}.Debug|iPhoneSimulator.Deploy.0 = Debug|iPhoneSimulator
		{236DA3B0-0557-4A16-BE8F-FAB9BF037B28}.Debug|x64.ActiveCfg = Debug|iPhone
		{236DA3B0-0557-4A16-BE8F-FAB9BF037B28}.Debug|x64.Build.0 = Debug|iPhone
		{236DA3B0-0557-4A16-BE8F-FAB9BF037B28}.Debug|x64.Deploy.0 = Debug|iPhone
		{236DA3B0-0557-4A16-BE8F-FAB9BF037B28}.Debug|x86.ActiveCfg = Debug|iPhone
		{236DA3B0-0557-4A16-BE8F-FAB9BF037B28}.Debug|x86.Build.0 = Debug|iPhone
		{236DA3B0-0557-4A16-BE8F-FAB9BF037B28}.Debug|x86.Deploy.0 = Debug|iPhone
		{236DA3B0-0557-4A16-BE8F-FAB9BF037B28}.Release|Any CPU.ActiveCfg = Release|iPhone
		{236DA3B0-0557-4A16-BE8F-FAB9BF037B28}.Release|Any CPU.Build.0 = Release|iPhone
		{236DA3B0-0557-4A16-BE8F-FAB9BF037B28}.Release|Any CPU.Deploy.0 = Release|iPhone
		{236DA3B0-0557-4A16-BE8F-FAB9BF037B28}.Release|ARM.ActiveCfg = Release|iPhone
		{236DA3B0-0557-4A16-BE8F-FAB9BF037B28}.Release|ARM.Build.0 = Release|iPhone
		{236DA3B0-0557-4A16-BE8F-FAB9BF037B28}.Release|ARM.Deploy.0 = Release|iPhone
		{236DA3B0-0557-4A16-BE8F-FAB9BF037B28}.Release|iPhone.ActiveCfg = Release|iPhone
		{236DA3B0-0557-4A16-BE8F-FAB9BF037B28}.Release|iPhone.Build.0 = Release|iPhone
		{236DA3B0-0557-4A16-BE8F-FAB9BF037B28}.Release|iPhone.Deploy.0 = Release|iPhone
		{236DA3B0-0557-4A16-BE8F-FAB9BF037B28}.Release|iPhoneSimulator.ActiveCfg = Release|iPhoneSimulator
		{236DA3B0-0557-4A16-BE8F-FAB9BF037B28}.Release|iPhoneSimulator.Build.0 = Release|iPhoneSimulator
		{236DA3B0-0557-4A16-BE8F-FAB9BF037B28}.Release|iPhoneSimulator.Deploy.0 = Release|iPhoneSimulator
		{236DA3B0-0557-4A16-BE8F-FAB9BF037B28}.Release|x64.ActiveCfg = Release|iPhone
		{236DA3B0-0557-4A16-BE8F-FAB9BF037B28}.Release|x64.Build.0 = Release|iPhone
		{236DA3B0-0557-4A16-BE8F-FAB9BF037B28}.Release|x64.Deploy.0 = Release|iPhone
		{236DA3B0-0557-4A16-BE8F-FAB9BF037B28}.Release|x86.ActiveCfg = Release|iPhone
		{236DA3B0-0557-4A16-BE8F-FAB9BF037B28}.Release|x86.Build.0 = Release|iPhone
		{236DA3B0-0557-4A16-BE8F-FAB9BF037B28}.Release|x86.Deploy.0 = Release|iPhone
		{F677EC59-3093-402B-B06F-396752C6DE7D}.Debug|Any CPU.ActiveCfg = Debug|Any CPU
		{F677EC59-3093-402B-B06F-396752C6DE7D}.Debug|Any CPU.Build.0 = Debug|Any CPU
		{F677EC59-3093-402B-B06F-396752C6DE7D}.Debug|Any CPU.Deploy.0 = Debug|Any CPU
		{F677EC59-3093-402B-B06F-396752C6DE7D}.Debug|ARM.ActiveCfg = Debug|Any CPU
		{F677EC59-3093-402B-B06F-396752C6DE7D}.Debug|ARM.Build.0 = Debug|Any CPU
		{F677EC59-3093-402B-B06F-396752C6DE7D}.Debug|ARM.Deploy.0 = Debug|Any CPU
		{F677EC59-3093-402B-B06F-396752C6DE7D}.Debug|iPhone.ActiveCfg = Debug|Any CPU
		{F677EC59-3093-402B-B06F-396752C6DE7D}.Debug|iPhone.Build.0 = Debug|Any CPU
		{F677EC59-3093-402B-B06F-396752C6DE7D}.Debug|iPhone.Deploy.0 = Debug|Any CPU
		{F677EC59-3093-402B-B06F-396752C6DE7D}.Debug|iPhoneSimulator.ActiveCfg = Debug|Any CPU
		{F677EC59-3093-402B-B06F-396752C6DE7D}.Debug|iPhoneSimulator.Build.0 = Debug|Any CPU
		{F677EC59-3093-402B-B06F-396752C6DE7D}.Debug|iPhoneSimulator.Deploy.0 = Debug|Any CPU
		{F677EC59-3093-402B-B06F-396752C6DE7D}.Debug|x64.ActiveCfg = Debug|Any CPU
		{F677EC59-3093-402B-B06F-396752C6DE7D}.Debug|x64.Build.0 = Debug|Any CPU
		{F677EC59-3093-402B-B06F-396752C6DE7D}.Debug|x64.Deploy.0 = Debug|Any CPU
		{F677EC59-3093-402B-B06F-396752C6DE7D}.Debug|x86.ActiveCfg = Debug|Any CPU
		{F677EC59-3093-402B-B06F-396752C6DE7D}.Debug|x86.Build.0 = Debug|Any CPU
		{F677EC59-3093-402B-B06F-396752C6DE7D}.Debug|x86.Deploy.0 = Debug|Any CPU
		{F677EC59-3093-402B-B06F-396752C6DE7D}.Release|Any CPU.ActiveCfg = Release|Any CPU
		{F677EC59-3093-402B-B06F-396752C6DE7D}.Release|Any CPU.Build.0 = Release|Any CPU
		{F677EC59-3093-402B-B06F-396752C6DE7D}.Release|Any CPU.Deploy.0 = Release|Any CPU
		{F677EC59-3093-402B-B06F-396752C6DE7D}.Release|ARM.ActiveCfg = Release|Any CPU
		{F677EC59-3093-402B-B06F-396752C6DE7D}.Release|ARM.Build.0 = Release|Any CPU
		{F677EC59-3093-402B-B06F-396752C6DE7D}.Release|ARM.Deploy.0 = Release|Any CPU
		{F677EC59-3093-402B-B06F-396752C6DE7D}.Release|iPhone.ActiveCfg = Release|Any CPU
		{F677EC59-3093-402B-B06F-396752C6DE7D}.Release|iPhone.Build.0 = Release|Any CPU
		{F677EC59-3093-402B-B06F-396752C6DE7D}.Release|iPhone.Deploy.0 = Release|Any CPU
		{F677EC59-3093-402B-B06F-396752C6DE7D}.Release|iPhoneSimulator.ActiveCfg = Release|Any CPU
		{F677EC59-3093-402B-B06F-396752C6DE7D}.Release|iPhoneSimulator.Build.0 = Release|Any CPU
		{F677EC59-3093-402B-B06F-396752C6DE7D}.Release|iPhoneSimulator.Deploy.0 = Release|Any CPU
		{F677EC59-3093-402B-B06F-396752C6DE7D}.Release|x64.ActiveCfg = Release|Any CPU
		{F677EC59-3093-402B-B06F-396752C6DE7D}.Release|x64.Build.0 = Release|Any CPU
		{F677EC59-3093-402B-B06F-396752C6DE7D}.Release|x64.Deploy.0 = Release|Any CPU
		{F677EC59-3093-402B-B06F-396752C6DE7D}.Release|x86.ActiveCfg = Release|Any CPU
		{F677EC59-3093-402B-B06F-396752C6DE7D}.Release|x86.Build.0 = Release|Any CPU
		{F677EC59-3093-402B-B06F-396752C6DE7D}.Release|x86.Deploy.0 = Release|Any CPU
		{4038FC7D-317B-46BD-925A-2DB018EEAA2A}.Debug|Any CPU.ActiveCfg = Debug|Any CPU
		{4038FC7D-317B-46BD-925A-2DB018EEAA2A}.Debug|Any CPU.Build.0 = Debug|Any CPU
		{4038FC7D-317B-46BD-925A-2DB018EEAA2A}.Debug|Any CPU.Deploy.0 = Debug|Any CPU
		{4038FC7D-317B-46BD-925A-2DB018EEAA2A}.Debug|ARM.ActiveCfg = Debug|Any CPU
		{4038FC7D-317B-46BD-925A-2DB018EEAA2A}.Debug|ARM.Build.0 = Debug|Any CPU
		{4038FC7D-317B-46BD-925A-2DB018EEAA2A}.Debug|ARM.Deploy.0 = Debug|Any CPU
		{4038FC7D-317B-46BD-925A-2DB018EEAA2A}.Debug|iPhone.ActiveCfg = Debug|Any CPU
		{4038FC7D-317B-46BD-925A-2DB018EEAA2A}.Debug|iPhone.Build.0 = Debug|Any CPU
		{4038FC7D-317B-46BD-925A-2DB018EEAA2A}.Debug|iPhone.Deploy.0 = Debug|Any CPU
		{4038FC7D-317B-46BD-925A-2DB018EEAA2A}.Debug|iPhoneSimulator.ActiveCfg = Debug|Any CPU
		{4038FC7D-317B-46BD-925A-2DB018EEAA2A}.Debug|iPhoneSimulator.Build.0 = Debug|Any CPU
		{4038FC7D-317B-46BD-925A-2DB018EEAA2A}.Debug|iPhoneSimulator.Deploy.0 = Debug|Any CPU
		{4038FC7D-317B-46BD-925A-2DB018EEAA2A}.Debug|x64.ActiveCfg = Debug|Any CPU
		{4038FC7D-317B-46BD-925A-2DB018EEAA2A}.Debug|x64.Build.0 = Debug|Any CPU
		{4038FC7D-317B-46BD-925A-2DB018EEAA2A}.Debug|x64.Deploy.0 = Debug|Any CPU
		{4038FC7D-317B-46BD-925A-2DB018EEAA2A}.Debug|x86.ActiveCfg = Debug|Any CPU
		{4038FC7D-317B-46BD-925A-2DB018EEAA2A}.Debug|x86.Build.0 = Debug|Any CPU
		{4038FC7D-317B-46BD-925A-2DB018EEAA2A}.Debug|x86.Deploy.0 = Debug|Any CPU
		{4038FC7D-317B-46BD-925A-2DB018EEAA2A}.Release|Any CPU.ActiveCfg = Release|Any CPU
		{4038FC7D-317B-46BD-925A-2DB018EEAA2A}.Release|Any CPU.Build.0 = Release|Any CPU
		{4038FC7D-317B-46BD-925A-2DB018EEAA2A}.Release|Any CPU.Deploy.0 = Release|Any CPU
		{4038FC7D-317B-46BD-925A-2DB018EEAA2A}.Release|ARM.ActiveCfg = Release|Any CPU
		{4038FC7D-317B-46BD-925A-2DB018EEAA2A}.Release|ARM.Build.0 = Release|Any CPU
		{4038FC7D-317B-46BD-925A-2DB018EEAA2A}.Release|ARM.Deploy.0 = Release|Any CPU
		{4038FC7D-317B-46BD-925A-2DB018EEAA2A}.Release|iPhone.ActiveCfg = Release|Any CPU
		{4038FC7D-317B-46BD-925A-2DB018EEAA2A}.Release|iPhone.Build.0 = Release|Any CPU
		{4038FC7D-317B-46BD-925A-2DB018EEAA2A}.Release|iPhone.Deploy.0 = Release|Any CPU
		{4038FC7D-317B-46BD-925A-2DB018EEAA2A}.Release|iPhoneSimulator.ActiveCfg = Release|Any CPU
		{4038FC7D-317B-46BD-925A-2DB018EEAA2A}.Release|iPhoneSimulator.Build.0 = Release|Any CPU
		{4038FC7D-317B-46BD-925A-2DB018EEAA2A}.Release|iPhoneSimulator.Deploy.0 = Release|Any CPU
		{4038FC7D-317B-46BD-925A-2DB018EEAA2A}.Release|x64.ActiveCfg = Release|Any CPU
		{4038FC7D-317B-46BD-925A-2DB018EEAA2A}.Release|x64.Build.0 = Release|Any CPU
		{4038FC7D-317B-46BD-925A-2DB018EEAA2A}.Release|x64.Deploy.0 = Release|Any CPU
		{4038FC7D-317B-46BD-925A-2DB018EEAA2A}.Release|x86.ActiveCfg = Release|Any CPU
		{4038FC7D-317B-46BD-925A-2DB018EEAA2A}.Release|x86.Build.0 = Release|Any CPU
		{4038FC7D-317B-46BD-925A-2DB018EEAA2A}.Release|x86.Deploy.0 = Release|Any CPU
		{BB27F89A-CA86-48B6-9C88-3EA8A3E2B27A}.Debug|Any CPU.ActiveCfg = Debug|Any CPU
		{BB27F89A-CA86-48B6-9C88-3EA8A3E2B27A}.Debug|Any CPU.Build.0 = Debug|Any CPU
		{BB27F89A-CA86-48B6-9C88-3EA8A3E2B27A}.Debug|ARM.ActiveCfg = Debug|Any CPU
		{BB27F89A-CA86-48B6-9C88-3EA8A3E2B27A}.Debug|ARM.Build.0 = Debug|Any CPU
		{BB27F89A-CA86-48B6-9C88-3EA8A3E2B27A}.Debug|iPhone.ActiveCfg = Debug|Any CPU
		{BB27F89A-CA86-48B6-9C88-3EA8A3E2B27A}.Debug|iPhone.Build.0 = Debug|Any CPU
		{BB27F89A-CA86-48B6-9C88-3EA8A3E2B27A}.Debug|iPhoneSimulator.ActiveCfg = Debug|Any CPU
		{BB27F89A-CA86-48B6-9C88-3EA8A3E2B27A}.Debug|iPhoneSimulator.Build.0 = Debug|Any CPU
		{BB27F89A-CA86-48B6-9C88-3EA8A3E2B27A}.Debug|x64.ActiveCfg = Debug|Any CPU
		{BB27F89A-CA86-48B6-9C88-3EA8A3E2B27A}.Debug|x64.Build.0 = Debug|Any CPU
		{BB27F89A-CA86-48B6-9C88-3EA8A3E2B27A}.Debug|x86.ActiveCfg = Debug|Any CPU
		{BB27F89A-CA86-48B6-9C88-3EA8A3E2B27A}.Debug|x86.Build.0 = Debug|Any CPU
		{BB27F89A-CA86-48B6-9C88-3EA8A3E2B27A}.Release|Any CPU.ActiveCfg = Release|Any CPU
		{BB27F89A-CA86-48B6-9C88-3EA8A3E2B27A}.Release|Any CPU.Build.0 = Release|Any CPU
		{BB27F89A-CA86-48B6-9C88-3EA8A3E2B27A}.Release|ARM.ActiveCfg = Release|Any CPU
		{BB27F89A-CA86-48B6-9C88-3EA8A3E2B27A}.Release|ARM.Build.0 = Release|Any CPU
		{BB27F89A-CA86-48B6-9C88-3EA8A3E2B27A}.Release|iPhone.ActiveCfg = Release|Any CPU
		{BB27F89A-CA86-48B6-9C88-3EA8A3E2B27A}.Release|iPhone.Build.0 = Release|Any CPU
		{BB27F89A-CA86-48B6-9C88-3EA8A3E2B27A}.Release|iPhoneSimulator.ActiveCfg = Release|Any CPU
		{BB27F89A-CA86-48B6-9C88-3EA8A3E2B27A}.Release|iPhoneSimulator.Build.0 = Release|Any CPU
		{BB27F89A-CA86-48B6-9C88-3EA8A3E2B27A}.Release|x64.ActiveCfg = Release|Any CPU
		{BB27F89A-CA86-48B6-9C88-3EA8A3E2B27A}.Release|x64.Build.0 = Release|Any CPU
		{BB27F89A-CA86-48B6-9C88-3EA8A3E2B27A}.Release|x86.ActiveCfg = Release|Any CPU
		{BB27F89A-CA86-48B6-9C88-3EA8A3E2B27A}.Release|x86.Build.0 = Release|Any CPU
	EndGlobalSection
	GlobalSection(SolutionProperties) = preSolution
		HideSolutionNode = FALSE
	EndGlobalSection
	GlobalSection(ExtensibilityGlobals) = postSolution
		SolutionGuid = {CF6B7895-018B-46BA-A798-3C2072305285}
	EndGlobalSection
EndGlobal
